// !$*UTF8*$!
{
	archiveVersion = 1;
	classes = {
	};
	objectVersion = 77;
	objects = {

/* Begin PBXBuildFile section */
		01E1D2A9E2E6E32F6F676939 /* PassGate.swift in Sources */ = {isa = PBXBuildFile; fileRef = 469312102E94520E403591DB /* PassGate.swift */; };
		13981E15C13B9D17C3A191B2 /* main.swift in Sources */ = {isa = PBXBuildFile; fileRef = D48F23012CFB20A5E0D96BE8 /* main.swift */; };
		1584244719EEB6837D6C9778 /* MLXLMCommon in Frameworks */ = {isa = PBXBuildFile; productRef = 827C6811CE82BFC82433EC25 /* MLXLMCommon */; };
		1D7E9FB135F1C031CB7230AE /* FoundationBackend.swift in Sources */ = {isa = PBXBuildFile; fileRef = 09F0848AE28D17FE54BC0D99 /* FoundationBackend.swift */; };
		22D759D2EFD906BF9B2DA6FF /* ThinkSplitter.swift in Sources */ = {isa = PBXBuildFile; fileRef = 1EDC523FDD56FB3B551B220A /* ThinkSplitter.swift */; };
		2457B4E63AF76C591578AC1F /* MLXHuggingFace in Frameworks */ = {isa = PBXBuildFile; productRef = 6C78FD41F6E002ED4F26B8A8 /* MLXHuggingFace */; };
		2B57DEE4D7B7A56BCA06A2B8 /* libAgentText.a in Frameworks */ = {isa = PBXBuildFile; fileRef = 4C39AF4A4F8886F17DA2142C /* libAgentText.a */; };
		42C55DDD92BF4EBC166CD652 /* DigestModel.swift in Sources */ = {isa = PBXBuildFile; fileRef = 2C6345A098530D501DD813E0 /* DigestModel.swift */; };
		4B3BA1C3A490A1B337588146 /* libAgentDigest.a in Frameworks */ = {isa = PBXBuildFile; fileRef = 38057B45A5397291AE3CA837 /* libAgentDigest.a */; };
		573BFC199AA09A235BCD9D4C /* Tokenizers in Frameworks */ = {isa = PBXBuildFile; productRef = CEAE92F1B04E649A00B2947E /* Tokenizers */; };
		63B093CB88E3C0D6AE085BF4 /* Bench.swift in Sources */ = {isa = PBXBuildFile; fileRef = B550B67CB6DC34E5A5CF1038 /* Bench.swift */; };
		644F8057FEEE03430825462A /* DigestRenderer.swift in Sources */ = {isa = PBXBuildFile; fileRef = 6A531076CE58ECBC88C8B157 /* DigestRenderer.swift */; };
		6630F9A7BEC5B5E3CFB7CDC2 /* SessionDigestTests.swift in Sources */ = {isa = PBXBuildFile; fileRef = 9665CF4C4B4E40161B7C79ED /* SessionDigestTests.swift */; };
		679B5C860C34412B2B8A89FF /* DigestSupport.swift in Sources */ = {isa = PBXBuildFile; fileRef = 48D7ECF895279033AA409499 /* DigestSupport.swift */; };
		6D4123EF7D2A8D99419D42B5 /* libAgentText.a in Frameworks */ = {isa = PBXBuildFile; fileRef = 4C39AF4A4F8886F17DA2142C /* libAgentText.a */; };
		6FCAD0BADFB7FA78A1C4BE48 /* FMDigest.swift in Sources */ = {isa = PBXBuildFile; fileRef = 05EEE55B5463DE5B05CC1867 /* FMDigest.swift */; };
		75D2413F071A4B1C4253C3D1 /* MLX in Frameworks */ = {isa = PBXBuildFile; productRef = BD47E9A1D109FA5B40B1F3DF /* MLX */; };
		7F8E2FE6B67B88A75C3A9CA1 /* LenientDecodeTests.swift in Sources */ = {isa = PBXBuildFile; fileRef = 3D4B4EFEF48720041269F74F /* LenientDecodeTests.swift */; };
		80F48DB1144E3C4FF55DA51B /* Chunker.swift in Sources */ = {isa = PBXBuildFile; fileRef = F274CF7229F7F51AF0F52765 /* Chunker.swift */; };
		856B8E93C12BB6875621375A /* MLXLLM in Frameworks */ = {isa = PBXBuildFile; productRef = 52DE7041102657E23D235C25 /* MLXLLM */; };
		86EDF73B84309E37483074DA /* FoundationCheck.swift in Sources */ = {isa = PBXBuildFile; fileRef = E215391877375B24A31BA7BF /* FoundationCheck.swift */; };
		8AE812ED99A92E767B3D7EFF /* libChunking.a in Frameworks */ = {isa = PBXBuildFile; fileRef = E9FFACB364A5BB5CB83744DF /* libChunking.a */; };
		8BCCA115B089CB49D4E0C9F7 /* Version.swift in Sources */ = {isa = PBXBuildFile; fileRef = 6FF785E5E6C1AAECF8DE386C /* Version.swift */; };
		8DB509EB3659AC7F1EA93008 /* FoundationModels.framework in Frameworks */ = {isa = PBXBuildFile; fileRef = A901288567746C0195E9BE74 /* FoundationModels.framework */; settings = {ATTRIBUTES = (Weak, ); }; };
		98C5474DF694DC3A49866CB9 /* DigestRendererTests.swift in Sources */ = {isa = PBXBuildFile; fileRef = B340C511E75FE9C1A0062B36 /* DigestRendererTests.swift */; };
		9F95AFB406372E7CD13AC93D /* Backend.swift in Sources */ = {isa = PBXBuildFile; fileRef = BDE3300A74A3119AE3FDAFC3 /* Backend.swift */; };
		A36328C0CE787951150B351C /* Agent.swift in Sources */ = {isa = PBXBuildFile; fileRef = 3E02C37297C02B773BFDE264 /* Agent.swift */; };
		A9DA9691E0D589045BCE9B9B /* CumulativeDeltaTests.swift in Sources */ = {isa = PBXBuildFile; fileRef = 68D8174D7BC56B07B1A3DA5F /* CumulativeDeltaTests.swift */; };
		B33B14F80431CDF4828FEE8E /* DigestSelection.swift in Sources */ = {isa = PBXBuildFile; fileRef = 3579BA42B5E74553CD067103 /* DigestSelection.swift */; };
		BAE241590C63D6824B988B50 /* DigestPlanner.swift in Sources */ = {isa = PBXBuildFile; fileRef = 9958CB8436853E9CA55BA169 /* DigestPlanner.swift */; };
		BCB89A7DFFF472D2E60253C8 /* IdleUnload.swift in Sources */ = {isa = PBXBuildFile; fileRef = 78778B1B914C9AD92CD750EA /* IdleUnload.swift */; };
		BCF8D8A87870DD553FDD3F57 /* ThinkSplitterTests.swift in Sources */ = {isa = PBXBuildFile; fileRef = 4AAD26E028CDB8A7A03C96DA /* ThinkSplitterTests.swift */; };
		BD314C0FF09C0C88EF8166F1 /* ChunkerTests.swift in Sources */ = {isa = PBXBuildFile; fileRef = 4BF2DE33621B0BFE5EEF50EC /* ChunkerTests.swift */; };
		C07F2184454B6B5E903A6801 /* Map.swift in Sources */ = {isa = PBXBuildFile; fileRef = 9B7F370E24C4B3388D09AC6D /* Map.swift */; };
		CF50B7ADD2A8D452C58F4609 /* MCP in Frameworks */ = {isa = PBXBuildFile; productRef = 44B7BB4DADE8AA62493652DC /* MCP */; };
		D1C5E503FCE5B2E95C8244FE /* CumulativeDelta.swift in Sources */ = {isa = PBXBuildFile; fileRef = 2924E4A961842D9A2A21528E /* CumulativeDelta.swift */; };
		D2C1CCB40B437EF4F0C40175 /* FoundationSupport.swift in Sources */ = {isa = PBXBuildFile; fileRef = 26B40FABDF95D50D51933874 /* FoundationSupport.swift */; };
		D5C5669F115D11D3A208E514 /* MCPClients.swift in Sources */ = {isa = PBXBuildFile; fileRef = F55B7D2A87D64A3F9DF47AFF /* MCPClients.swift */; };
		E8813C5307E8232147F6629B /* SessionDigest.swift in Sources */ = {isa = PBXBuildFile; fileRef = 0C22FC23A8FADCAC3382053C /* SessionDigest.swift */; };
		ECF8165779AF53254DE5D2DF /* LenientDecode.swift in Sources */ = {isa = PBXBuildFile; fileRef = 3E1385D8B5DCB20FA335E7ED /* LenientDecode.swift */; };
		EF8DF632D24F09E414C95751 /* BackendDigest.swift in Sources */ = {isa = PBXBuildFile; fileRef = 8166574E1F87D5BDF8969B55 /* BackendDigest.swift */; };
		EF99AE57D1A0E026C971AADA /* DigestPlannerTests.swift in Sources */ = {isa = PBXBuildFile; fileRef = B59E70E563B184783946BC95 /* DigestPlannerTests.swift */; };
		F1EB9B58DEBA34201E563C2B /* libChunking.a in Frameworks */ = {isa = PBXBuildFile; fileRef = E9FFACB364A5BB5CB83744DF /* libChunking.a */; };
		F68CE5CE76931117218E3424 /* ACPServer.swift in Sources */ = {isa = PBXBuildFile; fileRef = 08EAC0C65B2AC05C4ECA0EC9 /* ACPServer.swift */; };
		F7E2B5A74FE2F6B7FD0700F1 /* libAgentDigest.a in Frameworks */ = {isa = PBXBuildFile; fileRef = 38057B45A5397291AE3CA837 /* libAgentDigest.a */; };
/* End PBXBuildFile section */

/* Begin PBXContainerItemProxy section */
		13F82D31765634D0EEDC4A4E /* PBXContainerItemProxy */ = {
			isa = PBXContainerItemProxy;
			containerPortal = C9C2157B713D0F18F1589308 /* Project object */;
			proxyType = 1;
			remoteGlobalIDString = 9989B810EC56626BD23D51F4;
			remoteInfo = AgentText;
		};
		2A5BEE5D999EDDC212CFD82E /* PBXContainerItemProxy */ = {
			isa = PBXContainerItemProxy;
			containerPortal = C9C2157B713D0F18F1589308 /* Project object */;
			proxyType = 1;
			remoteGlobalIDString = 9989B810EC56626BD23D51F4;
			remoteInfo = AgentText;
		};
		70225C484DCF9DD621080AC7 /* PBXContainerItemProxy */ = {
			isa = PBXContainerItemProxy;
			containerPortal = C9C2157B713D0F18F1589308 /* Project object */;
			proxyType = 1;
			remoteGlobalIDString = 9808F5BB6CC427D713E5899E;
			remoteInfo = Chunking;
		};
		7ADF451B97B059B5580953FA /* PBXContainerItemProxy */ = {
			isa = PBXContainerItemProxy;
			containerPortal = C9C2157B713D0F18F1589308 /* Project object */;
			proxyType = 1;
			remoteGlobalIDString = 9808F5BB6CC427D713E5899E;
			remoteInfo = Chunking;
		};
		820D065EEA2761F7513DF7AB /* PBXContainerItemProxy */ = {
			isa = PBXContainerItemProxy;
			containerPortal = C9C2157B713D0F18F1589308 /* Project object */;
			proxyType = 1;
			remoteGlobalIDString = B226C92B3618C290A4C63EFC;
			remoteInfo = AgentDigest;
		};
		8A68A61F3C57F31D34D085D9 /* PBXContainerItemProxy */ = {
			isa = PBXContainerItemProxy;
			containerPortal = C9C2157B713D0F18F1589308 /* Project object */;
			proxyType = 1;
			remoteGlobalIDString = B226C92B3618C290A4C63EFC;
			remoteInfo = AgentDigest;
		};
/* End PBXContainerItemProxy section */

/* Begin PBXFileReference section */
		05EEE55B5463DE5B05CC1867 /* FMDigest.swift */ = {isa = PBXFileReference; lastKnownFileType = sourcecode.swift; path = FMDigest.swift; sourceTree = "<group>"; };
		08EAC0C65B2AC05C4ECA0EC9 /* ACPServer.swift */ = {isa = PBXFileReference; lastKnownFileType = sourcecode.swift; path = ACPServer.swift; sourceTree = "<group>"; };
		09F0848AE28D17FE54BC0D99 /* FoundationBackend.swift */ = {isa = PBXFileReference; lastKnownFileType = sourcecode.swift; path = FoundationBackend.swift; sourceTree = "<group>"; };
		0C22FC23A8FADCAC3382053C /* SessionDigest.swift */ = {isa = PBXFileReference; lastKnownFileType = sourcecode.swift; path = SessionDigest.swift; sourceTree = "<group>"; };
		1BC3EC6FD00DD8AB3FC5CCB9 /* mlx-agent */ = {isa = PBXFileReference; includeInIndex = 0; path = "mlx-agent"; sourceTree = BUILT_PRODUCTS_DIR; };
		1EDC523FDD56FB3B551B220A /* ThinkSplitter.swift */ = {isa = PBXFileReference; lastKnownFileType = sourcecode.swift; path = ThinkSplitter.swift; sourceTree = "<group>"; };
		26B40FABDF95D50D51933874 /* FoundationSupport.swift */ = {isa = PBXFileReference; lastKnownFileType = sourcecode.swift; path = FoundationSupport.swift; sourceTree = "<group>"; };
		2924E4A961842D9A2A21528E /* CumulativeDelta.swift */ = {isa = PBXFileReference; lastKnownFileType = sourcecode.swift; path = CumulativeDelta.swift; sourceTree = "<group>"; };
		2C6345A098530D501DD813E0 /* DigestModel.swift */ = {isa = PBXFileReference; lastKnownFileType = sourcecode.swift; path = DigestModel.swift; sourceTree = "<group>"; };
		3579BA42B5E74553CD067103 /* DigestSelection.swift */ = {isa = PBXFileReference; lastKnownFileType = sourcecode.swift; path = DigestSelection.swift; sourceTree = "<group>"; };
		38057B45A5397291AE3CA837 /* libAgentDigest.a */ = {isa = PBXFileReference; explicitFileType = archive.ar; includeInIndex = 0; path = libAgentDigest.a; sourceTree = BUILT_PRODUCTS_DIR; };
		38620DC971FD79A6EA742717 /* AgentTextTests.xctest */ = {isa = PBXFileReference; explicitFileType = wrapper.cfbundle; includeInIndex = 0; path = AgentTextTests.xctest; sourceTree = BUILT_PRODUCTS_DIR; };
		3D4B4EFEF48720041269F74F /* LenientDecodeTests.swift */ = {isa = PBXFileReference; lastKnownFileType = sourcecode.swift; path = LenientDecodeTests.swift; sourceTree = "<group>"; };
		3E02C37297C02B773BFDE264 /* Agent.swift */ = {isa = PBXFileReference; lastKnownFileType = sourcecode.swift; path = Agent.swift; sourceTree = "<group>"; };
		3E1385D8B5DCB20FA335E7ED /* LenientDecode.swift */ = {isa = PBXFileReference; lastKnownFileType = sourcecode.swift; path = LenientDecode.swift; sourceTree = "<group>"; };
		469312102E94520E403591DB /* PassGate.swift */ = {isa = PBXFileReference; lastKnownFileType = sourcecode.swift; path = PassGate.swift; sourceTree = "<group>"; };
		48D7ECF895279033AA409499 /* DigestSupport.swift */ = {isa = PBXFileReference; lastKnownFileType = sourcecode.swift; path = DigestSupport.swift; sourceTree = "<group>"; };
		4AAD26E028CDB8A7A03C96DA /* ThinkSplitterTests.swift */ = {isa = PBXFileReference; lastKnownFileType = sourcecode.swift; path = ThinkSplitterTests.swift; sourceTree = "<group>"; };
		4BF2DE33621B0BFE5EEF50EC /* ChunkerTests.swift */ = {isa = PBXFileReference; lastKnownFileType = sourcecode.swift; path = ChunkerTests.swift; sourceTree = "<group>"; };
		4C39AF4A4F8886F17DA2142C /* libAgentText.a */ = {isa = PBXFileReference; explicitFileType = archive.ar; includeInIndex = 0; path = libAgentText.a; sourceTree = BUILT_PRODUCTS_DIR; };
		4E11DCF2E0561F3F1A8E7029 /* ChunkingTests.xctest */ = {isa = PBXFileReference; explicitFileType = wrapper.cfbundle; includeInIndex = 0; path = ChunkingTests.xctest; sourceTree = BUILT_PRODUCTS_DIR; };
		68D8174D7BC56B07B1A3DA5F /* CumulativeDeltaTests.swift */ = {isa = PBXFileReference; lastKnownFileType = sourcecode.swift; path = CumulativeDeltaTests.swift; sourceTree = "<group>"; };
		6A531076CE58ECBC88C8B157 /* DigestRenderer.swift */ = {isa = PBXFileReference; lastKnownFileType = sourcecode.swift; path = DigestRenderer.swift; sourceTree = "<group>"; };
		6FF785E5E6C1AAECF8DE386C /* Version.swift */ = {isa = PBXFileReference; lastKnownFileType = sourcecode.swift; path = Version.swift; sourceTree = "<group>"; };
		78778B1B914C9AD92CD750EA /* IdleUnload.swift */ = {isa = PBXFileReference; lastKnownFileType = sourcecode.swift; path = IdleUnload.swift; sourceTree = "<group>"; };
		8166574E1F87D5BDF8969B55 /* BackendDigest.swift */ = {isa = PBXFileReference; lastKnownFileType = sourcecode.swift; path = BackendDigest.swift; sourceTree = "<group>"; };
		9665CF4C4B4E40161B7C79ED /* SessionDigestTests.swift */ = {isa = PBXFileReference; lastKnownFileType = sourcecode.swift; path = SessionDigestTests.swift; sourceTree = "<group>"; };
		9958CB8436853E9CA55BA169 /* DigestPlanner.swift */ = {isa = PBXFileReference; lastKnownFileType = sourcecode.swift; path = DigestPlanner.swift; sourceTree = "<group>"; };
		9B7F370E24C4B3388D09AC6D /* Map.swift */ = {isa = PBXFileReference; lastKnownFileType = sourcecode.swift; path = Map.swift; sourceTree = "<group>"; };
		A901288567746C0195E9BE74 /* FoundationModels.framework */ = {isa = PBXFileReference; lastKnownFileType = wrapper.framework; name = FoundationModels.framework; path = System/Library/Frameworks/FoundationModels.framework; sourceTree = SDKROOT; };
		B340C511E75FE9C1A0062B36 /* DigestRendererTests.swift */ = {isa = PBXFileReference; lastKnownFileType = sourcecode.swift; path = DigestRendererTests.swift; sourceTree = "<group>"; };
		B550B67CB6DC34E5A5CF1038 /* Bench.swift */ = {isa = PBXFileReference; lastKnownFileType = sourcecode.swift; path = Bench.swift; sourceTree = "<group>"; };
		B59E70E563B184783946BC95 /* DigestPlannerTests.swift */ = {isa = PBXFileReference; lastKnownFileType = sourcecode.swift; path = DigestPlannerTests.swift; sourceTree = "<group>"; };
		BDE3300A74A3119AE3FDAFC3 /* Backend.swift */ = {isa = PBXFileReference; lastKnownFileType = sourcecode.swift; path = Backend.swift; sourceTree = "<group>"; };
		CF6EB0BE60178BCF9727E565 /* AgentDigestTests.xctest */ = {isa = PBXFileReference; explicitFileType = wrapper.cfbundle; includeInIndex = 0; path = AgentDigestTests.xctest; sourceTree = BUILT_PRODUCTS_DIR; };
		D48F23012CFB20A5E0D96BE8 /* main.swift */ = {isa = PBXFileReference; lastKnownFileType = sourcecode.swift; path = main.swift; sourceTree = "<group>"; };
		E215391877375B24A31BA7BF /* FoundationCheck.swift */ = {isa = PBXFileReference; lastKnownFileType = sourcecode.swift; path = FoundationCheck.swift; sourceTree = "<group>"; };
		E9FFACB364A5BB5CB83744DF /* libChunking.a */ = {isa = PBXFileReference; explicitFileType = archive.ar; includeInIndex = 0; path = libChunking.a; sourceTree = BUILT_PRODUCTS_DIR; };
		F274CF7229F7F51AF0F52765 /* Chunker.swift */ = {isa = PBXFileReference; lastKnownFileType = sourcecode.swift; path = Chunker.swift; sourceTree = "<group>"; };
		F55B7D2A87D64A3F9DF47AFF /* MCPClients.swift */ = {isa = PBXFileReference; lastKnownFileType = sourcecode.swift; path = MCPClients.swift; sourceTree = "<group>"; };
/* End PBXFileReference section */

/* Begin PBXFrameworksBuildPhase section */
		385989A866473343411AF64F /* Frameworks */ = {
			isa = PBXFrameworksBuildPhase;
			buildActionMask = 2147483647;
			files = (
				8AE812ED99A92E767B3D7EFF /* libChunking.a in Frameworks */,
				2B57DEE4D7B7A56BCA06A2B8 /* libAgentText.a in Frameworks */,
				F7E2B5A74FE2F6B7FD0700F1 /* libAgentDigest.a in Frameworks */,
				856B8E93C12BB6875621375A /* MLXLLM in Frameworks */,
				1584244719EEB6837D6C9778 /* MLXLMCommon in Frameworks */,
				2457B4E63AF76C591578AC1F /* MLXHuggingFace in Frameworks */,
				75D2413F071A4B1C4253C3D1 /* MLX in Frameworks */,
				573BFC199AA09A235BCD9D4C /* Tokenizers in Frameworks */,
				CF50B7ADD2A8D452C58F4609 /* MCP in Frameworks */,
				8DB509EB3659AC7F1EA93008 /* FoundationModels.framework in Frameworks */,
			);
			runOnlyForDeploymentPostprocessing = 0;
		};
		52742B727CAACF14C0D04679 /* Frameworks */ = {
			isa = PBXFrameworksBuildPhase;
			buildActionMask = 2147483647;
			files = (
				F1EB9B58DEBA34201E563C2B /* libChunking.a in Frameworks */,
			);
			runOnlyForDeploymentPostprocessing = 0;
		};
		5773CB34B62EF97513D58C51 /* Frameworks */ = {
			isa = PBXFrameworksBuildPhase;
			buildActionMask = 2147483647;
			files = (
				6D4123EF7D2A8D99419D42B5 /* libAgentText.a in Frameworks */,
			);
			runOnlyForDeploymentPostprocessing = 0;
		};
		65C22918CDBA2984AC6BC82A /* Frameworks */ = {
			isa = PBXFrameworksBuildPhase;
			buildActionMask = 2147483647;
			files = (
				4B3BA1C3A490A1B337588146 /* libAgentDigest.a in Frameworks */,
			);
			runOnlyForDeploymentPostprocessing = 0;
		};
/* End PBXFrameworksBuildPhase section */

/* Begin PBXGroup section */
		10ED12161BE67CA9B68E9895 /* mlx-agent */ = {
			isa = PBXGroup;
			children = (
				08EAC0C65B2AC05C4ECA0EC9 /* ACPServer.swift */,
				3E02C37297C02B773BFDE264 /* Agent.swift */,
				BDE3300A74A3119AE3FDAFC3 /* Backend.swift */,
				8166574E1F87D5BDF8969B55 /* BackendDigest.swift */,
				B550B67CB6DC34E5A5CF1038 /* Bench.swift */,
				3579BA42B5E74553CD067103 /* DigestSelection.swift */,
				48D7ECF895279033AA409499 /* DigestSupport.swift */,
				05EEE55B5463DE5B05CC1867 /* FMDigest.swift */,
				09F0848AE28D17FE54BC0D99 /* FoundationBackend.swift */,
				E215391877375B24A31BA7BF /* FoundationCheck.swift */,
				26B40FABDF95D50D51933874 /* FoundationSupport.swift */,
				78778B1B914C9AD92CD750EA /* IdleUnload.swift */,
				D48F23012CFB20A5E0D96BE8 /* main.swift */,
				9B7F370E24C4B3388D09AC6D /* Map.swift */,
				F55B7D2A87D64A3F9DF47AFF /* MCPClients.swift */,
				469312102E94520E403591DB /* PassGate.swift */,
				6FF785E5E6C1AAECF8DE386C /* Version.swift */,
			);
			path = "mlx-agent";
			sourceTree = "<group>";
		};
		3680FE5EE356A50F2112C669 /* Sources */ = {
			isa = PBXGroup;
			children = (
				E0EF6BE6E37B237E55BCFF2C /* AgentDigest */,
				E2D92E7B497B749B4AA110A9 /* AgentText */,
				3FA3FF9D05A62AD52F6C5211 /* Chunking */,
				10ED12161BE67CA9B68E9895 /* mlx-agent */,
			);
			path = Sources;
			sourceTree = "<group>";
		};
		3B37F14097707C4A5E16CEDF /* Frameworks */ = {
			isa = PBXGroup;
			children = (
				A901288567746C0195E9BE74 /* FoundationModels.framework */,
			);
			name = Frameworks;
			sourceTree = "<group>";
		};
		3FA3FF9D05A62AD52F6C5211 /* Chunking */ = {
			isa = PBXGroup;
			children = (
				F274CF7229F7F51AF0F52765 /* Chunker.swift */,
			);
			path = Chunking;
			sourceTree = "<group>";
		};
		6A2F604852D794A83712425A /* AgentTextTests */ = {
			isa = PBXGroup;
			children = (
				68D8174D7BC56B07B1A3DA5F /* CumulativeDeltaTests.swift */,
				4AAD26E028CDB8A7A03C96DA /* ThinkSplitterTests.swift */,
			);
			path = AgentTextTests;
			sourceTree = "<group>";
		};
		78CA4212F3BCE06F47E77856 = {
			isa = PBXGroup;
			children = (
				3680FE5EE356A50F2112C669 /* Sources */,
				D44C19D4B9F038661A3A65E7 /* Tests */,
				3B37F14097707C4A5E16CEDF /* Frameworks */,
				886DBB16111FBFD93DBF6182 /* Products */,
			);
			sourceTree = "<group>";
		};
		886DBB16111FBFD93DBF6182 /* Products */ = {
			isa = PBXGroup;
			children = (
				CF6EB0BE60178BCF9727E565 /* AgentDigestTests.xctest */,
				38620DC971FD79A6EA742717 /* AgentTextTests.xctest */,
				4E11DCF2E0561F3F1A8E7029 /* ChunkingTests.xctest */,
				38057B45A5397291AE3CA837 /* libAgentDigest.a */,
				4C39AF4A4F8886F17DA2142C /* libAgentText.a */,
				E9FFACB364A5BB5CB83744DF /* libChunking.a */,
				1BC3EC6FD00DD8AB3FC5CCB9 /* mlx-agent */,
			);
			name = Products;
			sourceTree = "<group>";
		};
		D44C19D4B9F038661A3A65E7 /* Tests */ = {
			isa = PBXGroup;
			children = (
				D8F0B2A4D1AC56CC8241CA99 /* AgentDigestTests */,
				6A2F604852D794A83712425A /* AgentTextTests */,
				E33BD2F4A247059DCCEC790D /* ChunkingTests */,
			);
			path = Tests;
			sourceTree = "<group>";
		};
		D8F0B2A4D1AC56CC8241CA99 /* AgentDigestTests */ = {
			isa = PBXGroup;
			children = (
				B59E70E563B184783946BC95 /* DigestPlannerTests.swift */,
				B340C511E75FE9C1A0062B36 /* DigestRendererTests.swift */,
				3D4B4EFEF48720041269F74F /* LenientDecodeTests.swift */,
				9665CF4C4B4E40161B7C79ED /* SessionDigestTests.swift */,
			);
			path = AgentDigestTests;
			sourceTree = "<group>";
		};
		E0EF6BE6E37B237E55BCFF2C /* AgentDigest */ = {
			isa = PBXGroup;
			children = (
				2C6345A098530D501DD813E0 /* DigestModel.swift */,
				9958CB8436853E9CA55BA169 /* DigestPlanner.swift */,
				6A531076CE58ECBC88C8B157 /* DigestRenderer.swift */,
				3E1385D8B5DCB20FA335E7ED /* LenientDecode.swift */,
				0C22FC23A8FADCAC3382053C /* SessionDigest.swift */,
			);
			path = AgentDigest;
			sourceTree = "<group>";
		};
		E2D92E7B497B749B4AA110A9 /* AgentText */ = {
			isa = PBXGroup;
			children = (
				2924E4A961842D9A2A21528E /* CumulativeDelta.swift */,
				1EDC523FDD56FB3B551B220A /* ThinkSplitter.swift */,
			);
			path = AgentText;
			sourceTree = "<group>";
		};
		E33BD2F4A247059DCCEC790D /* ChunkingTests */ = {
			isa = PBXGroup;
			children = (
				4BF2DE33621B0BFE5EEF50EC /* ChunkerTests.swift */,
			);
			path = ChunkingTests;
			sourceTree = "<group>";
		};
/* End PBXGroup section */

/* Begin PBXNativeTarget section */
		4790D2EE8F1EE219A0216B57 /* mlx-agent */ = {
			isa = PBXNativeTarget;
			buildConfigurationList = ACD089D6949D97734FC32428 /* Build configuration list for PBXNativeTarget "mlx-agent" */;
			buildPhases = (
				94754FDB2144F400DF98B866 /* Sources */,
				385989A866473343411AF64F /* Frameworks */,
			);
			buildRules = (
			);
			dependencies = (
				174DE44F0FBE6BA40C38453F /* PBXTargetDependency */,
				3B92E8391A2FD665ACAE8B35 /* PBXTargetDependency */,
				5EB6210BE42C05D853FD068D /* PBXTargetDependency */,
			);
			name = "mlx-agent";
			packageProductDependencies = (
				52DE7041102657E23D235C25 /* MLXLLM */,
				827C6811CE82BFC82433EC25 /* MLXLMCommon */,
				6C78FD41F6E002ED4F26B8A8 /* MLXHuggingFace */,
				BD47E9A1D109FA5B40B1F3DF /* MLX */,
				CEAE92F1B04E649A00B2947E /* Tokenizers */,
				44B7BB4DADE8AA62493652DC /* MCP */,
			);
			productName = "mlx-agent";
			productReference = 1BC3EC6FD00DD8AB3FC5CCB9 /* mlx-agent */;
			productType = "com.apple.product-type.tool";
		};
		93BD050B09E36500AF89B48A /* ChunkingTests */ = {
			isa = PBXNativeTarget;
			buildConfigurationList = 343F96F2C9059DD82F633818 /* Build configuration list for PBXNativeTarget "ChunkingTests" */;
			buildPhases = (
				BE7E2976BA4197DD0924EC4E /* Sources */,
				52742B727CAACF14C0D04679 /* Frameworks */,
			);
			buildRules = (
			);
			dependencies = (
				5B916CF25EBAE7C2501561C5 /* PBXTargetDependency */,
			);
			name = ChunkingTests;
			packageProductDependencies = (
			);
			productName = ChunkingTests;
			productReference = 4E11DCF2E0561F3F1A8E7029 /* ChunkingTests.xctest */;
			productType = "com.apple.product-type.bundle.unit-test";
		};
		9808F5BB6CC427D713E5899E /* Chunking */ = {
			isa = PBXNativeTarget;
			buildConfigurationList = EE453EDBBE8EFD01B13D3084 /* Build configuration list for PBXNativeTarget "Chunking" */;
			buildPhases = (
				2D334187BDB0F916C405D6EF /* Sources */,
				747F499AAD4EEB7033E0CA78 /* Copy Swift Objective-C Interface Header */,
			);
			buildRules = (
			);
			dependencies = (
			);
			name = Chunking;
			packageProductDependencies = (
			);
			productName = Chunking;
			productReference = E9FFACB364A5BB5CB83744DF /* libChunking.a */;
			productType = "com.apple.product-type.library.static";
		};
		981EF93A726A4AC29F24A634 /* AgentTextTests */ = {
			isa = PBXNativeTarget;
			buildConfigurationList = A5709085F4C14AC5DA702CAE /* Build configuration list for PBXNativeTarget "AgentTextTests" */;
			buildPhases = (
				6C605D0494DC0074B4799350 /* Sources */,
				5773CB34B62EF97513D58C51 /* Frameworks */,
			);
			buildRules = (
			);
			dependencies = (
				79D94CE1D9D56963A62183CB /* PBXTargetDependency */,
			);
			name = AgentTextTests;
			packageProductDependencies = (
			);
			productName = AgentTextTests;
			productReference = 38620DC971FD79A6EA742717 /* AgentTextTests.xctest */;
			productType = "com.apple.product-type.bundle.unit-test";
		};
		9989B810EC56626BD23D51F4 /* AgentText */ = {
			isa = PBXNativeTarget;
			buildConfigurationList = 40B9DC7C02D6847AE1C0C031 /* Build configuration list for PBXNativeTarget "AgentText" */;
			buildPhases = (
				EF284EA4CA183EB1B5B7E8E0 /* Sources */,
				87D7128BD30E5ECB043FFA48 /* Copy Swift Objective-C Interface Header */,
			);
			buildRules = (
			);
			dependencies = (
			);
			name = AgentText;
			packageProductDependencies = (
			);
			productName = AgentText;
			productReference = 4C39AF4A4F8886F17DA2142C /* libAgentText.a */;
			productType = "com.apple.product-type.library.static";
		};
		B226C92B3618C290A4C63EFC /* AgentDigest */ = {
			isa = PBXNativeTarget;
			buildConfigurationList = 8742CFE8FB48EFD6BF229A1A /* Build configuration list for PBXNativeTarget "AgentDigest" */;
			buildPhases = (
				0E77686D283669C752D657C7 /* Sources */,
				93330551825FAEA0872C5024 /* Copy Swift Objective-C Interface Header */,
			);
			buildRules = (
			);
			dependencies = (
			);
			name = AgentDigest;
			packageProductDependencies = (
			);
			productName = AgentDigest;
			productReference = 38057B45A5397291AE3CA837 /* libAgentDigest.a */;
			productType = "com.apple.product-type.library.static";
		};
		F5A2CDC32BB13C4E4EEA46B7 /* AgentDigestTests */ = {
			isa = PBXNativeTarget;
			buildConfigurationList = 3F182DC32D279FA2BAF379A2 /* Build configuration list for PBXNativeTarget "AgentDigestTests" */;
			buildPhases = (
				8FA59EB3A85115126E1CF00D /* Sources */,
				65C22918CDBA2984AC6BC82A /* Frameworks */,
			);
			buildRules = (
			);
			dependencies = (
				0BC5A93FCE3ACCF413420DEE /* PBXTargetDependency */,
			);
			name = AgentDigestTests;
			packageProductDependencies = (
			);
			productName = AgentDigestTests;
			productReference = CF6EB0BE60178BCF9727E565 /* AgentDigestTests.xctest */;
			productType = "com.apple.product-type.bundle.unit-test";
		};
/* End PBXNativeTarget section */

/* Begin PBXProject section */
		C9C2157B713D0F18F1589308 /* Project object */ = {
			isa = PBXProject;
			attributes = {
				BuildIndependentTargetsInParallel = YES;
				LastUpgradeCheck = 1430;
				TargetAttributes = {
				};
			};
			buildConfigurationList = 26B1937BAE752DC15B1AE7A0 /* Build configuration list for PBXProject "mlx-agent" */;
			developmentRegion = en;
			hasScannedForEncodings = 0;
			knownRegions = (
				Base,
				en,
			);
			mainGroup = 78CA4212F3BCE06F47E77856;
			minimizedProjectReferenceProxies = 1;
			packageReferences = (
				ECD917F6A5CD392F91A3FD46 /* XCRemoteSwiftPackageReference "mlx-swift" */,
				72F49124D3A7166889B14A0F /* XCRemoteSwiftPackageReference "mlx-swift-lm" */,
				0D122887C2F58335667A78E1 /* XCRemoteSwiftPackageReference "swift-jinja" */,
				5130D50902C0B407BA216CC3 /* XCRemoteSwiftPackageReference "swift-sdk" */,
				588A15A779AADB76ACB512D8 /* XCRemoteSwiftPackageReference "swift-transformers" */,
			);
			preferredProjectObjectVersion = 77;
			productRefGroup = 886DBB16111FBFD93DBF6182 /* Products */;
			projectDirPath = "";
			projectRoot = "";
			targets = (
				B226C92B3618C290A4C63EFC /* AgentDigest */,
				F5A2CDC32BB13C4E4EEA46B7 /* AgentDigestTests */,
				9989B810EC56626BD23D51F4 /* AgentText */,
				981EF93A726A4AC29F24A634 /* AgentTextTests */,
				9808F5BB6CC427D713E5899E /* Chunking */,
				93BD050B09E36500AF89B48A /* ChunkingTests */,
				4790D2EE8F1EE219A0216B57 /* mlx-agent */,
			);
		};
/* End PBXProject section */

/* Begin PBXShellScriptBuildPhase section */
		747F499AAD4EEB7033E0CA78 /* Copy Swift Objective-C Interface Header */ = {
			isa = PBXShellScriptBuildPhase;
			buildActionMask = 2147483647;
			files = (
			);
			inputPaths = (
				"$(DERIVED_SOURCES_DIR)/$(SWIFT_OBJC_INTERFACE_HEADER_NAME)",
			);
			name = "Copy Swift Objective-C Interface Header";
			outputPaths = (
				"$(BUILT_PRODUCTS_DIR)/include/$(PRODUCT_MODULE_NAME)/$(SWIFT_OBJC_INTERFACE_HEADER_NAME)",
			);
			runOnlyForDeploymentPostprocessing = 0;
			shellPath = /bin/sh;
			shellScript = "ditto \"${SCRIPT_INPUT_FILE_0}\" \"${SCRIPT_OUTPUT_FILE_0}\"\n";
		};
		87D7128BD30E5ECB043FFA48 /* Copy Swift Objective-C Interface Header */ = {
			isa = PBXShellScriptBuildPhase;
			buildActionMask = 2147483647;
			files = (
			);
			inputPaths = (
				"$(DERIVED_SOURCES_DIR)/$(SWIFT_OBJC_INTERFACE_HEADER_NAME)",
			);
			name = "Copy Swift Objective-C Interface Header";
			outputPaths = (
				"$(BUILT_PRODUCTS_DIR)/include/$(PRODUCT_MODULE_NAME)/$(SWIFT_OBJC_INTERFACE_HEADER_NAME)",
			);
			runOnlyForDeploymentPostprocessing = 0;
			shellPath = /bin/sh;
			shellScript = "ditto \"${SCRIPT_INPUT_FILE_0}\" \"${SCRIPT_OUTPUT_FILE_0}\"\n";
		};
		93330551825FAEA0872C5024 /* Copy Swift Objective-C Interface Header */ = {
			isa = PBXShellScriptBuildPhase;
			buildActionMask = 2147483647;
			files = (
			);
			inputPaths = (
				"$(DERIVED_SOURCES_DIR)/$(SWIFT_OBJC_INTERFACE_HEADER_NAME)",
			);
			name = "Copy Swift Objective-C Interface Header";
			outputPaths = (
				"$(BUILT_PRODUCTS_DIR)/include/$(PRODUCT_MODULE_NAME)/$(SWIFT_OBJC_INTERFACE_HEADER_NAME)",
			);
			runOnlyForDeploymentPostprocessing = 0;
			shellPath = /bin/sh;
			shellScript = "ditto \"${SCRIPT_INPUT_FILE_0}\" \"${SCRIPT_OUTPUT_FILE_0}\"\n";
		};
/* End PBXShellScriptBuildPhase section */

/* Begin PBXSourcesBuildPhase section */
		0E77686D283669C752D657C7 /* Sources */ = {
			isa = PBXSourcesBuildPhase;
			buildActionMask = 2147483647;
			files = (
				42C55DDD92BF4EBC166CD652 /* DigestModel.swift in Sources */,
				BAE241590C63D6824B988B50 /* DigestPlanner.swift in Sources */,
				644F8057FEEE03430825462A /* DigestRenderer.swift in Sources */,
				ECF8165779AF53254DE5D2DF /* LenientDecode.swift in Sources */,
				E8813C5307E8232147F6629B /* SessionDigest.swift in Sources */,
			);
			runOnlyForDeploymentPostprocessing = 0;
		};
		2D334187BDB0F916C405D6EF /* Sources */ = {
			isa = PBXSourcesBuildPhase;
			buildActionMask = 2147483647;
			files = (
				80F48DB1144E3C4FF55DA51B /* Chunker.swift in Sources */,
			);
			runOnlyForDeploymentPostprocessing = 0;
		};
		6C605D0494DC0074B4799350 /* Sources */ = {
			isa = PBXSourcesBuildPhase;
			buildActionMask = 2147483647;
			files = (
				A9DA9691E0D589045BCE9B9B /* CumulativeDeltaTests.swift in Sources */,
				BCF8D8A87870DD553FDD3F57 /* ThinkSplitterTests.swift in Sources */,
			);
			runOnlyForDeploymentPostprocessing = 0;
		};
		8FA59EB3A85115126E1CF00D /* Sources */ = {
			isa = PBXSourcesBuildPhase;
			buildActionMask = 2147483647;
			files = (
				EF99AE57D1A0E026C971AADA /* DigestPlannerTests.swift in Sources */,
				98C5474DF694DC3A49866CB9 /* DigestRendererTests.swift in Sources */,
				7F8E2FE6B67B88A75C3A9CA1 /* LenientDecodeTests.swift in Sources */,
				6630F9A7BEC5B5E3CFB7CDC2 /* SessionDigestTests.swift in Sources */,
			);
			runOnlyForDeploymentPostprocessing = 0;
		};
		94754FDB2144F400DF98B866 /* Sources */ = {
			isa = PBXSourcesBuildPhase;
			buildActionMask = 2147483647;
			files = (
				F68CE5CE76931117218E3424 /* ACPServer.swift in Sources */,
				A36328C0CE787951150B351C /* Agent.swift in Sources */,
				9F95AFB406372E7CD13AC93D /* Backend.swift in Sources */,
				EF8DF632D24F09E414C95751 /* BackendDigest.swift in Sources */,
				63B093CB88E3C0D6AE085BF4 /* Bench.swift in Sources */,
				B33B14F80431CDF4828FEE8E /* DigestSelection.swift in Sources */,
				679B5C860C34412B2B8A89FF /* DigestSupport.swift in Sources */,
				6FCAD0BADFB7FA78A1C4BE48 /* FMDigest.swift in Sources */,
				1D7E9FB135F1C031CB7230AE /* FoundationBackend.swift in Sources */,
				86EDF73B84309E37483074DA /* FoundationCheck.swift in Sources */,
				D2C1CCB40B437EF4F0C40175 /* FoundationSupport.swift in Sources */,
				BCB89A7DFFF472D2E60253C8 /* IdleUnload.swift in Sources */,
				D5C5669F115D11D3A208E514 /* MCPClients.swift in Sources */,
				C07F2184454B6B5E903A6801 /* Map.swift in Sources */,
				01E1D2A9E2E6E32F6F676939 /* PassGate.swift in Sources */,
				8BCCA115B089CB49D4E0C9F7 /* Version.swift in Sources */,
				13981E15C13B9D17C3A191B2 /* main.swift in Sources */,
			);
			runOnlyForDeploymentPostprocessing = 0;
		};
		BE7E2976BA4197DD0924EC4E /* Sources */ = {
			isa = PBXSourcesBuildPhase;
			buildActionMask = 2147483647;
			files = (
				BD314C0FF09C0C88EF8166F1 /* ChunkerTests.swift in Sources */,
			);
			runOnlyForDeploymentPostprocessing = 0;
		};
		EF284EA4CA183EB1B5B7E8E0 /* Sources */ = {
			isa = PBXSourcesBuildPhase;
			buildActionMask = 2147483647;
			files = (
				D1C5E503FCE5B2E95C8244FE /* CumulativeDelta.swift in Sources */,
				22D759D2EFD906BF9B2DA6FF /* ThinkSplitter.swift in Sources */,
			);
			runOnlyForDeploymentPostprocessing = 0;
		};
/* End PBXSourcesBuildPhase section */

/* Begin PBXTargetDependency section */
		0BC5A93FCE3ACCF413420DEE /* PBXTargetDependency */ = {
			isa = PBXTargetDependency;
			target = B226C92B3618C290A4C63EFC /* AgentDigest */;
			targetProxy = 8A68A61F3C57F31D34D085D9 /* PBXContainerItemProxy */;
		};
		174DE44F0FBE6BA40C38453F /* PBXTargetDependency */ = {
			isa = PBXTargetDependency;
			target = 9808F5BB6CC427D713E5899E /* Chunking */;
			targetProxy = 70225C484DCF9DD621080AC7 /* PBXContainerItemProxy */;
		};
		3B92E8391A2FD665ACAE8B35 /* PBXTargetDependency */ = {
			isa = PBXTargetDependency;
			target = 9989B810EC56626BD23D51F4 /* AgentText */;
			targetProxy = 13F82D31765634D0EEDC4A4E /* PBXContainerItemProxy */;
		};
		5B916CF25EBAE7C2501561C5 /* PBXTargetDependency */ = {
			isa = PBXTargetDependency;
			target = 9808F5BB6CC427D713E5899E /* Chunking */;
			targetProxy = 7ADF451B97B059B5580953FA /* PBXContainerItemProxy */;
		};
		5EB6210BE42C05D853FD068D /* PBXTargetDependency */ = {
			isa = PBXTargetDependency;
			target = B226C92B3618C290A4C63EFC /* AgentDigest */;
			targetProxy = 820D065EEA2761F7513DF7AB /* PBXContainerItemProxy */;
		};
		79D94CE1D9D56963A62183CB /* PBXTargetDependency */ = {
			isa = PBXTargetDependency;
			target = 9989B810EC56626BD23D51F4 /* AgentText */;
			targetProxy = 2A5BEE5D999EDDC212CFD82E /* PBXContainerItemProxy */;
		};
/* End PBXTargetDependency section */

/* Begin XCBuildConfiguration section */
		0C8A7B46E941F953E9C15B79 /* Release */ = {
			isa = XCBuildConfiguration;
			buildSettings = {
				COMBINE_HIDPI_IMAGES = YES;
				LD_RUNPATH_SEARCH_PATHS = (
					"$(inherited)",
					"@executable_path/../Frameworks",
				);
				SDKROOT = macosx;
				SKIP_INSTALL = YES;
			};
			name = Release;
		};
		13041717E891C66931C5002E /* Release */ = {
			isa = XCBuildConfiguration;
			buildSettings = {
				COMBINE_HIDPI_IMAGES = YES;
				LD_RUNPATH_SEARCH_PATHS = (
					"$(inherited)",
					"@executable_path/../Frameworks",
				);
				OTHER_LDFLAGS = (
					"$(inherited)",
					"-ObjC",
				);
				SDKROOT = macosx;
			};
			name = Release;
		};
		1E1C365C7A37AFB318CAFE2A /* Debug */ = {
			isa = XCBuildConfiguration;
			buildSettings = {
				COMBINE_HIDPI_IMAGES = YES;
				LD_RUNPATH_SEARCH_PATHS = (
					"$(inherited)",
					"@executable_path/../Frameworks",
				);
				SDKROOT = macosx;
				SKIP_INSTALL = YES;
			};
			name = Debug;
		};
		341A66759604508578BF95F9 /* Debug */ = {
			isa = XCBuildConfiguration;
			buildSettings = {
				BUNDLE_LOADER = "$(TEST_HOST)";
				COMBINE_HIDPI_IMAGES = YES;
				GENERATE_INFOPLIST_FILE = YES;
				LD_RUNPATH_SEARCH_PATHS = (
					"$(inherited)",
					"@executable_path/../Frameworks",
					"@loader_path/../Frameworks",
				);
				OTHER_LDFLAGS = (
					"$(inherited)",
					"-ObjC",
				);
				SDKROOT = macosx;
			};
			name = Debug;
		};
		69DA6FB7CBA77CFFEEE511FB /* Release */ = {
			isa = XCBuildConfiguration;
			buildSettings = {
				COMBINE_HIDPI_IMAGES = YES;
				LD_RUNPATH_SEARCH_PATHS = (
					"$(inherited)",
					"@executable_path/../Frameworks",
				);
				SDKROOT = macosx;
				SKIP_INSTALL = YES;
			};
			name = Release;
		};
		8B9CBF59DBD7DA718E548D09 /* Release */ = {
			isa = XCBuildConfiguration;
			buildSettings = {
				BUNDLE_LOADER = "$(TEST_HOST)";
				COMBINE_HIDPI_IMAGES = YES;
				GENERATE_INFOPLIST_FILE = YES;
				LD_RUNPATH_SEARCH_PATHS = (
					"$(inherited)",
					"@executable_path/../Frameworks",
					"@loader_path/../Frameworks",
				);
				OTHER_LDFLAGS = (
					"$(inherited)",
					"-ObjC",
				);
				SDKROOT = macosx;
			};
			name = Release;
		};
		8D591FF0F9A5B8D5830ABE46 /* Debug */ = {
			isa = XCBuildConfiguration;
			buildSettings = {
				COMBINE_HIDPI_IMAGES = YES;
				LD_RUNPATH_SEARCH_PATHS = (
					"$(inherited)",
					"@executable_path/../Frameworks",
				);
				SDKROOT = macosx;
				SKIP_INSTALL = YES;
			};
			name = Debug;
		};
		96152EECB7D7547C91C0C96E /* Debug */ = {
			isa = XCBuildConfiguration;
			buildSettings = {
				BUNDLE_LOADER = "$(TEST_HOST)";
				COMBINE_HIDPI_IMAGES = YES;
				GENERATE_INFOPLIST_FILE = YES;
				LD_RUNPATH_SEARCH_PATHS = (
					"$(inherited)",
					"@executable_path/../Frameworks",
					"@loader_path/../Frameworks",
				);
				OTHER_LDFLAGS = (
					"$(inherited)",
					"-ObjC",
				);
				SDKROOT = macosx;
			};
			name = Debug;
		};
		B6954007C828F2196919D594 /* Debug */ = {
			isa = XCBuildConfiguration;
			buildSettings = {
				BUNDLE_LOADER = "$(TEST_HOST)";
				COMBINE_HIDPI_IMAGES = YES;
				GENERATE_INFOPLIST_FILE = YES;
				LD_RUNPATH_SEARCH_PATHS = (
					"$(inherited)",
					"@executable_path/../Frameworks",
					"@loader_path/../Frameworks",
				);
				OTHER_LDFLAGS = (
					"$(inherited)",
					"-ObjC",
				);
				SDKROOT = macosx;
			};
			name = Debug;
		};
		B94C088793D5E9CAA20A7461 /* Debug */ = {
			isa = XCBuildConfiguration;
			buildSettings = {
				COMBINE_HIDPI_IMAGES = YES;
				LD_RUNPATH_SEARCH_PATHS = (
					"$(inherited)",
					"@executable_path/../Frameworks",
				);
				SDKROOT = macosx;
				SKIP_INSTALL = YES;
			};
			name = Debug;
		};
		D0A5D2F4551916015BAACEF9 /* Release */ = {
			isa = XCBuildConfiguration;
			buildSettings = {
				BUNDLE_LOADER = "$(TEST_HOST)";
				COMBINE_HIDPI_IMAGES = YES;
				GENERATE_INFOPLIST_FILE = YES;
				LD_RUNPATH_SEARCH_PATHS = (
					"$(inherited)",
					"@executable_path/../Frameworks",
					"@loader_path/../Frameworks",
				);
				OTHER_LDFLAGS = (
					"$(inherited)",
					"-ObjC",
				);
				SDKROOT = macosx;
			};
			name = Release;
		};
		D35DFF5D0AE33CF78CCCB184 /* Debug */ = {
			isa = XCBuildConfiguration;
			buildSettings = {
				ALWAYS_SEARCH_USER_PATHS = NO;
				ARCHS = arm64;
				CLANG_ANALYZER_NONNULL = YES;
				CLANG_ANALYZER_NUMBER_OBJECT_CONVERSION = YES_AGGRESSIVE;
				CLANG_CXX_LANGUAGE_STANDARD = "gnu++14";
				CLANG_CXX_LIBRARY = "libc++";
				CLANG_ENABLE_MODULES = YES;
				CLANG_ENABLE_OBJC_ARC = YES;
				CLANG_ENABLE_OBJC_WEAK = YES;
				CLANG_WARN_BLOCK_CAPTURE_AUTORELEASING = YES;
				CLANG_WARN_BOOL_CONVERSION = YES;
				CLANG_WARN_COMMA = YES;
				CLANG_WARN_CONSTANT_CONVERSION = YES;
				CLANG_WARN_DEPRECATED_OBJC_IMPLEMENTATIONS = YES;
				CLANG_WARN_DIRECT_OBJC_ISA_USAGE = YES_ERROR;
				CLANG_WARN_DOCUMENTATION_COMMENTS = YES;
				CLANG_WARN_EMPTY_BODY = YES;
				CLANG_WARN_ENUM_CONVERSION = YES;
				CLANG_WARN_INFINITE_RECURSION = YES;
				CLANG_WARN_INT_CONVERSION = YES;
				CLANG_WARN_NON_LITERAL_NULL_CONVERSION = YES;
				CLANG_WARN_OBJC_IMPLICIT_RETAIN_SELF = YES;
				CLANG_WARN_OBJC_LITERAL_CONVERSION = YES;
				CLANG_WARN_OBJC_ROOT_CLASS = YES_ERROR;
				CLANG_WARN_QUOTED_INCLUDE_IN_FRAMEWORK_HEADER = YES;
				CLANG_WARN_RANGE_LOOP_ANALYSIS = YES;
				CLANG_WARN_STRICT_PROTOTYPES = YES;
				CLANG_WARN_SUSPICIOUS_MOVE = YES;
				CLANG_WARN_UNGUARDED_AVAILABILITY = YES_AGGRESSIVE;
				CLANG_WARN_UNREACHABLE_CODE = YES;
				CLANG_WARN__DUPLICATE_METHOD_MATCH = YES;
				COPY_PHASE_STRIP = NO;
				DEBUG_INFORMATION_FORMAT = dwarf;
				ENABLE_STRICT_OBJC_MSGSEND = YES;
				ENABLE_TESTABILITY = YES;
				GCC_C_LANGUAGE_STANDARD = gnu11;
				GCC_DYNAMIC_NO_PIC = NO;
				GCC_NO_COMMON_BLOCKS = YES;
				GCC_OPTIMIZATION_LEVEL = 0;
				GCC_PREPROCESSOR_DEFINITIONS = (
					"$(inherited)",
					"DEBUG=1",
				);
				GCC_WARN_64_TO_32_BIT_CONVERSION = YES;
				GCC_WARN_ABOUT_RETURN_TYPE = YES_ERROR;
				GCC_WARN_UNDECLARED_SELECTOR = YES;
				GCC_WARN_UNINITIALIZED_AUTOS = YES_AGGRESSIVE;
				GCC_WARN_UNUSED_FUNCTION = YES;
				GCC_WARN_UNUSED_VARIABLE = YES;
				MACOSX_DEPLOYMENT_TARGET = 14.0;
				MTL_ENABLE_DEBUG_INFO = INCLUDE_SOURCE;
				MTL_FAST_MATH = YES;
				ONLY_ACTIVE_ARCH = YES;
				PRODUCT_NAME = "$(TARGET_NAME)";
				SDKROOT = macosx;
				SWIFT_ACTIVE_COMPILATION_CONDITIONS = DEBUG;
				SWIFT_OPTIMIZATION_LEVEL = "-Onone";
				SWIFT_STRICT_CONCURRENCY = complete;
				SWIFT_VERSION = 6.0;
			};
			name = Debug;
		};
		DF48B4930E5D203CD49BBEC7 /* Release */ = {
			isa = XCBuildConfiguration;
			buildSettings = {
				BUNDLE_LOADER = "$(TEST_HOST)";
				COMBINE_HIDPI_IMAGES = YES;
				GENERATE_INFOPLIST_FILE = YES;
				LD_RUNPATH_SEARCH_PATHS = (
					"$(inherited)",
					"@executable_path/../Frameworks",
					"@loader_path/../Frameworks",
				);
				OTHER_LDFLAGS = (
					"$(inherited)",
					"-ObjC",
				);
				SDKROOT = macosx;
			};
			name = Release;
		};
		E0BBAA1D9235ED8D471CA493 /* Debug */ = {
			isa = XCBuildConfiguration;
			buildSettings = {
				COMBINE_HIDPI_IMAGES = YES;
				LD_RUNPATH_SEARCH_PATHS = (
					"$(inherited)",
					"@executable_path/../Frameworks",
				);
				OTHER_LDFLAGS = (
					"$(inherited)",
					"-ObjC",
				);
				SDKROOT = macosx;
			};
			name = Debug;
		};
		F458C2A9A2AFD294C1B09DCE /* Release */ = {
			isa = XCBuildConfiguration;
			buildSettings = {
				ALWAYS_SEARCH_USER_PATHS = NO;
				ARCHS = arm64;
				CLANG_ANALYZER_NONNULL = YES;
				CLANG_ANALYZER_NUMBER_OBJECT_CONVERSION = YES_AGGRESSIVE;
				CLANG_CXX_LANGUAGE_STANDARD = "gnu++14";
				CLANG_CXX_LIBRARY = "libc++";
				CLANG_ENABLE_MODULES = YES;
				CLANG_ENABLE_OBJC_ARC = YES;
				CLANG_ENABLE_OBJC_WEAK = YES;
				CLANG_WARN_BLOCK_CAPTURE_AUTORELEASING = YES;
				CLANG_WARN_BOOL_CONVERSION = YES;
				CLANG_WARN_COMMA = YES;
				CLANG_WARN_CONSTANT_CONVERSION = YES;
				CLANG_WARN_DEPRECATED_OBJC_IMPLEMENTATIONS = YES;
				CLANG_WARN_DIRECT_OBJC_ISA_USAGE = YES_ERROR;
				CLANG_WARN_DOCUMENTATION_COMMENTS = YES;
				CLANG_WARN_EMPTY_BODY = YES;
				CLANG_WARN_ENUM_CONVERSION = YES;
				CLANG_WARN_INFINITE_RECURSION = YES;
				CLANG_WARN_INT_CONVERSION = YES;
				CLANG_WARN_NON_LITERAL_NULL_CONVERSION = YES;
				CLANG_WARN_OBJC_IMPLICIT_RETAIN_SELF = YES;
				CLANG_WARN_OBJC_LITERAL_CONVERSION = YES;
				CLANG_WARN_OBJC_ROOT_CLASS = YES_ERROR;
				CLANG_WARN_QUOTED_INCLUDE_IN_FRAMEWORK_HEADER = YES;
				CLANG_WARN_RANGE_LOOP_ANALYSIS = YES;
				CLANG_WARN_STRICT_PROTOTYPES = YES;
				CLANG_WARN_SUSPICIOUS_MOVE = YES;
				CLANG_WARN_UNGUARDED_AVAILABILITY = YES_AGGRESSIVE;
				CLANG_WARN_UNREACHABLE_CODE = YES;
				CLANG_WARN__DUPLICATE_METHOD_MATCH = YES;
				COPY_PHASE_STRIP = NO;
				DEBUG_INFORMATION_FORMAT = "dwarf-with-dsym";
				ENABLE_NS_ASSERTIONS = NO;
				ENABLE_STRICT_OBJC_MSGSEND = YES;
				GCC_C_LANGUAGE_STANDARD = gnu11;
				GCC_NO_COMMON_BLOCKS = YES;
				GCC_WARN_64_TO_32_BIT_CONVERSION = YES;
				GCC_WARN_ABOUT_RETURN_TYPE = YES_ERROR;
				GCC_WARN_UNDECLARED_SELECTOR = YES;
				GCC_WARN_UNINITIALIZED_AUTOS = YES_AGGRESSIVE;
				GCC_WARN_UNUSED_FUNCTION = YES;
				GCC_WARN_UNUSED_VARIABLE = YES;
				MACOSX_DEPLOYMENT_TARGET = 14.0;
				MTL_ENABLE_DEBUG_INFO = NO;
				MTL_FAST_MATH = YES;
				ONLY_ACTIVE_ARCH = YES;
				PRODUCT_NAME = "$(TARGET_NAME)";
				SDKROOT = macosx;
				SWIFT_COMPILATION_MODE = wholemodule;
				SWIFT_OPTIMIZATION_LEVEL = "-O";
				SWIFT_STRICT_CONCURRENCY = complete;
				SWIFT_VERSION = 6.0;
			};
			name = Release;
		};
		F6038469FFB43222A20A6F7B /* Release */ = {
			isa = XCBuildConfiguration;
			buildSettings = {
				COMBINE_HIDPI_IMAGES = YES;
				LD_RUNPATH_SEARCH_PATHS = (
					"$(inherited)",
					"@executable_path/../Frameworks",
				);
				SDKROOT = macosx;
				SKIP_INSTALL = YES;
			};
			name = Release;
		};
/* End XCBuildConfiguration section */

/* Begin XCConfigurationList section */
		26B1937BAE752DC15B1AE7A0 /* Build configuration list for PBXProject "mlx-agent" */ = {
			isa = XCConfigurationList;
			buildConfigurations = (
				D35DFF5D0AE33CF78CCCB184 /* Debug */,
				F458C2A9A2AFD294C1B09DCE /* Release */,
			);
			defaultConfigurationIsVisible = 0;
			defaultConfigurationName = Debug;
		};
		343F96F2C9059DD82F633818 /* Build configuration list for PBXNativeTarget "ChunkingTests" */ = {
			isa = XCConfigurationList;
			buildConfigurations = (
				96152EECB7D7547C91C0C96E /* Debug */,
				D0A5D2F4551916015BAACEF9 /* Release */,
			);
			defaultConfigurationIsVisible = 0;
			defaultConfigurationName = Debug;
		};
		3F182DC32D279FA2BAF379A2 /* Build configuration list for PBXNativeTarget "AgentDigestTests" */ = {
			isa = XCConfigurationList;
			buildConfigurations = (
				341A66759604508578BF95F9 /* Debug */,
				8B9CBF59DBD7DA718E548D09 /* Release */,
			);
			defaultConfigurationIsVisible = 0;
			defaultConfigurationName = Debug;
		};
		40B9DC7C02D6847AE1C0C031 /* Build configuration list for PBXNativeTarget "AgentText" */ = {
			isa = XCConfigurationList;
			buildConfigurations = (
				1E1C365C7A37AFB318CAFE2A /* Debug */,
				69DA6FB7CBA77CFFEEE511FB /* Release */,
			);
			defaultConfigurationIsVisible = 0;
			defaultConfigurationName = Debug;
		};
		8742CFE8FB48EFD6BF229A1A /* Build configuration list for PBXNativeTarget "AgentDigest" */ = {
			isa = XCConfigurationList;
			buildConfigurations = (
				8D591FF0F9A5B8D5830ABE46 /* Debug */,
				0C8A7B46E941F953E9C15B79 /* Release */,
			);
			defaultConfigurationIsVisible = 0;
			defaultConfigurationName = Debug;
		};
		A5709085F4C14AC5DA702CAE /* Build configuration list for PBXNativeTarget "AgentTextTests" */ = {
			isa = XCConfigurationList;
			buildConfigurations = (
				B6954007C828F2196919D594 /* Debug */,
				DF48B4930E5D203CD49BBEC7 /* Release */,
			);
			defaultConfigurationIsVisible = 0;
			defaultConfigurationName = Debug;
		};
		ACD089D6949D97734FC32428 /* Build configuration list for PBXNativeTarget "mlx-agent" */ = {
			isa = XCConfigurationList;
			buildConfigurations = (
				E0BBAA1D9235ED8D471CA493 /* Debug */,
				13041717E891C66931C5002E /* Release */,
			);
			defaultConfigurationIsVisible = 0;
			defaultConfigurationName = Debug;
		};
		EE453EDBBE8EFD01B13D3084 /* Build configuration list for PBXNativeTarget "Chunking" */ = {
			isa = XCConfigurationList;
			buildConfigurations = (
				B94C088793D5E9CAA20A7461 /* Debug */,
				F6038469FFB43222A20A6F7B /* Release */,
			);
			defaultConfigurationIsVisible = 0;
			defaultConfigurationName = Debug;
		};
/* End XCConfigurationList section */

/* Begin XCRemoteSwiftPackageReference section */
		0D122887C2F58335667A78E1 /* XCRemoteSwiftPackageReference "swift-jinja" */ = {
			isa = XCRemoteSwiftPackageReference;
			repositoryURL = "https://github.com/huggingface/swift-jinja.git";
			requirement = {
				kind = upToNextMajorVersion;
				minimumVersion = 2.4.2;
			};
		};
		5130D50902C0B407BA216CC3 /* XCRemoteSwiftPackageReference "swift-sdk" */ = {
			isa = XCRemoteSwiftPackageReference;
			repositoryURL = "https://github.com/modelcontextprotocol/swift-sdk";
			requirement = {
				kind = upToNextMajorVersion;
				minimumVersion = 0.9.0;
			};
		};
		588A15A779AADB76ACB512D8 /* XCRemoteSwiftPackageReference "swift-transformers" */ = {
			isa = XCRemoteSwiftPackageReference;
			repositoryURL = "https://github.com/huggingface/swift-transformers";
			requirement = {
				kind = upToNextMajorVersion;
				minimumVersion = 1.3.0;
			};
		};
		72F49124D3A7166889B14A0F /* XCRemoteSwiftPackageReference "mlx-swift-lm" */ = {
			isa = XCRemoteSwiftPackageReference;
			repositoryURL = "https://github.com/ml-explore/mlx-swift-lm";
			requirement = {
				kind = upToNextMajorVersion;
				minimumVersion = 3.31.4;
			};
		};
		ECD917F6A5CD392F91A3FD46 /* XCRemoteSwiftPackageReference "mlx-swift" */ = {
			isa = XCRemoteSwiftPackageReference;
			repositoryURL = "https://github.com/ml-explore/mlx-swift";
			requirement = {
				kind = upToNextMinorVersion;
				minimumVersion = 0.31.4;
			};
		};
/* End XCRemoteSwiftPackageReference section */

/* Begin XCSwiftPackageProductDependency section */
		44B7BB4DADE8AA62493652DC /* MCP */ = {
			isa = XCSwiftPackageProductDependency;
			package = 5130D50902C0B407BA216CC3 /* XCRemoteSwiftPackageReference "swift-sdk" */;
			productName = MCP;
		};
		52DE7041102657E23D235C25 /* MLXLLM */ = {
			isa = XCSwiftPackageProductDependency;
			package = 72F49124D3A7166889B14A0F /* XCRemoteSwiftPackageReference "mlx-swift-lm" */;
			productName = MLXLLM;
		};
		6C78FD41F6E002ED4F26B8A8 /* MLXHuggingFace */ = {
			isa = XCSwiftPackageProductDependency;
			package = 72F49124D3A7166889B14A0F /* XCRemoteSwiftPackageReference "mlx-swift-lm" */;
			productName = MLXHuggingFace;
		};
		827C6811CE82BFC82433EC25 /* MLXLMCommon */ = {
			isa = XCSwiftPackageProductDependency;
			package = 72F49124D3A7166889B14A0F /* XCRemoteSwiftPackageReference "mlx-swift-lm" */;
			productName = MLXLMCommon;
		};
		BD47E9A1D109FA5B40B1F3DF /* MLX */ = {
			isa = XCSwiftPackageProductDependency;
			package = ECD917F6A5CD392F91A3FD46 /* XCRemoteSwiftPackageReference "mlx-swift" */;
			productName = MLX;
		};
		CEAE92F1B04E649A00B2947E /* Tokenizers */ = {
			isa = XCSwiftPackageProductDependency;
			package = 588A15A779AADB76ACB512D8 /* XCRemoteSwiftPackageReference "swift-transformers" */;
			productName = Tokenizers;
		};
/* End XCSwiftPackageProductDependency section */
	};
	rootObject = C9C2157B713D0F18F1589308 /* Project object */;
}
